// !$*UTF8*$!
{
	archiveVersion = 1;
	classes = {
	};
	objectVersion = 46;
	objects = {

/* Begin PBXBuildFile section */
		2F5C0477EA93C547C64DFE13 /* Pods_HPPWeiBoInSwift.framework in Frameworks */ = {isa = PBXBuildFile; fileRef = 73FBA410F99C0155250B8104 /* Pods_HPPWeiBoInSwift.framework */; };
		AE03F9691D8040C1004F35EE /* MainViewController.swift in Sources */ = {isa = PBXBuildFile; fileRef = AE03F9681D8040C1004F35EE /* MainViewController.swift */; };
		AE03F96B1D8040DE004F35EE /* RootViewController.swift in Sources */ = {isa = PBXBuildFile; fileRef = AE03F96A1D8040DE004F35EE /* RootViewController.swift */; };
		AE03F96D1D80417E004F35EE /* HomeViewController.swift in Sources */ = {isa = PBXBuildFile; fileRef = AE03F96C1D80417E004F35EE /* HomeViewController.swift */; };
		AE03F96F1D8041A8004F35EE /* MessageViewController.swift in Sources */ = {isa = PBXBuildFile; fileRef = AE03F96E1D8041A8004F35EE /* MessageViewController.swift */; };
		AE3343A51D870DC700270FA6 /* NewFeatureView.swift in Sources */ = {isa = PBXBuildFile; fileRef = AE3343A41D870DC700270FA6 /* NewFeatureView.swift */; };
		AE3343A71D8717FE00270FA6 /* NSBundle+extension.swift in Sources */ = {isa = PBXBuildFile; fileRef = AE3343A61D8717FE00270FA6 /* NSBundle+extension.swift */; };
		AE3343A91D871C2A00270FA6 /* WelcomeView.swift in Sources */ = {isa = PBXBuildFile; fileRef = AE3343A81D871C2A00270FA6 /* WelcomeView.swift */; };
		AE3343AB1D8798B300270FA6 /* StatusModel.swift in Sources */ = {isa = PBXBuildFile; fileRef = AE3343AA1D8798B300270FA6 /* StatusModel.swift */; };
		AE3343AD1D87E7A500270FA6 /* NetworkTool+status.swift in Sources */ = {isa = PBXBuildFile; fileRef = AE3343AC1D87E7A500270FA6 /* NetworkTool+status.swift */; };
		AE4811A61D80EDDD008597AF /* DiscoverViewController.swift in Sources */ = {isa = PBXBuildFile; fileRef = AE4811A51D80EDDD008597AF /* DiscoverViewController.swift */; };
		AE4811A91D80EE34008597AF /* ProfileViewController.swift in Sources */ = {isa = PBXBuildFile; fileRef = AE4811A81D80EE34008597AF /* ProfileViewController.swift */; };
		AE4811AB1D80EEE9008597AF /* Common.swift in Sources */ = {isa = PBXBuildFile; fileRef = AE4811AA1D80EEE9008597AF /* Common.swift */; };
		AE4811AD1D80F5EA008597AF /* UIButton+extension.swift in Sources */ = {isa = PBXBuildFile; fileRef = AE4811AC1D80F5EA008597AF /* UIButton+extension.swift */; };
		AE4811AF1D80FF0F008597AF /* UIImage+extension.swift in Sources */ = {isa = PBXBuildFile; fileRef = AE4811AE1D80FF0F008597AF /* UIImage+extension.swift */; };
		AE4811B21D816DD4008597AF /* VistorView.swift in Sources */ = {isa = PBXBuildFile; fileRef = AE4811B11D816DD4008597AF /* VistorView.swift */; };
		AE4811B41D816E71008597AF /* UIImageView+extension.swift in Sources */ = {isa = PBXBuildFile; fileRef = AE4811B31D816E71008597AF /* UIImageView+extension.swift */; };
		AE4811B61D816F16008597AF /* UILabel+extension.swift in Sources */ = {isa = PBXBuildFile; fileRef = AE4811B51D816F16008597AF /* UILabel+extension.swift */; };
		AE58D9F91D8C0D03008B9687 /* RetweetedView.swift in Sources */ = {isa = PBXBuildFile; fileRef = AE58D9F81D8C0D03008B9687 /* RetweetedView.swift */; };
		AE58D9FB1D8C62BB008B9687 /* StatusToolBar.swift in Sources */ = {isa = PBXBuildFile; fileRef = AE58D9FA1D8C62BB008B9687 /* StatusToolBar.swift */; };
		AE68FB7B1D8A804B00B03FA2 /* StatusCell.swift in Sources */ = {isa = PBXBuildFile; fileRef = AE68FB7A1D8A804B00B03FA2 /* StatusCell.swift */; };
		AE68FB7D1D8A91BF00B03FA2 /* UserModel.swift in Sources */ = {isa = PBXBuildFile; fileRef = AE68FB7C1D8A91BF00B03FA2 /* UserModel.swift */; };
		AE68FB7F1D8A93D200B03FA2 /* OriginalView.swift in Sources */ = {isa = PBXBuildFile; fileRef = AE68FB7E1D8A93D200B03FA2 /* OriginalView.swift */; };
		AE8A30271D847AFD00DCA024 /* OAuthViewController.swift in Sources */ = {isa = PBXBuildFile; fileRef = AE8A30261D847AFD00DCA024 /* OAuthViewController.swift */; };
		AE8A30341D85124E00DCA024 /* NetworkTool.swift in Sources */ = {isa = PBXBuildFile; fileRef = AE8A30331D85124E00DCA024 /* NetworkTool.swift */; };
		AE8A30361D85905F00DCA024 /* NetworkTool+OAuth.swift in Sources */ = {isa = PBXBuildFile; fileRef = AE8A30351D85905F00DCA024 /* NetworkTool+OAuth.swift */; };
		AE8A30381D85D85200DCA024 /* UserAccount.swift in Sources */ = {isa = PBXBuildFile; fileRef = AE8A30371D85D85200DCA024 /* UserAccount.swift */; };
		AE9D09F61D8AFE100096C741 /* StatusViewModel.swift in Sources */ = {isa = PBXBuildFile; fileRef = AE9D09F51D8AFE100096C741 /* StatusViewModel.swift */; };
		AE9D09F81D8B044D0096C741 /* NSDate+extension.swift in Sources */ = {isa = PBXBuildFile; fileRef = AE9D09F71D8B044D0096C741 /* NSDate+extension.swift */; };
		AE9D09FA1D8B29980096C741 /* PictureModel.swift in Sources */ = {isa = PBXBuildFile; fileRef = AE9D09F91D8B29980096C741 /* PictureModel.swift */; };
		AE9D09FC1D8B30FB0096C741 /* StatusPictureView.swift in Sources */ = {isa = PBXBuildFile; fileRef = AE9D09FB1D8B30FB0096C741 /* StatusPictureView.swift */; };
		AEEB05FB1D802AE500D48E70 /* AppDelegate.swift in Sources */ = {isa = PBXBuildFile; fileRef = AEEB05FA1D802AE500D48E70 /* AppDelegate.swift */; };
		AEEB06021D802AE500D48E70 /* Assets.xcassets in Resources */ = {isa = PBXBuildFile; fileRef = AEEB06011D802AE500D48E70 /* Assets.xcassets */; };
		AEEB060D1D802F5C00D48E70 /* Podfile in Resources */ = {isa = PBXBuildFile; fileRef = AEEB060C1D802F5C00D48E70 /* Podfile */; };
/* End PBXBuildFile section */

/* Begin PBXFileReference section */
		65F75ECE644FBBDA5F660548 /* Pods-HPPWeiBoInSwift.debug.xcconfig */ = {isa = PBXFileReference; includeInIndex = 1; lastKnownFileType = text.xcconfig; name = "Pods-HPPWeiBoInSwift.debug.xcconfig"; path = "Pods/Target Support Files/Pods-HPPWeiBoInSwift/Pods-HPPWeiBoInSwift.debug.xcconfig"; sourceTree = "<group>"; };
		73FBA410F99C0155250B8104 /* Pods_HPPWeiBoInSwift.framework */ = {isa = PBXFileReference; explicitFileType = wrapper.framework; includeInIndex = 0; path = Pods_HPPWeiBoInSwift.framework; sourceTree = BUILT_PRODUCTS_DIR; };
		74E6B8B457E4B5CFC65BE092 /* Pods-HPPWeiBoInSwift.release.xcconfig */ = {isa = PBXFileReference; includeInIndex = 1; lastKnownFileType = text.xcconfig; name = "Pods-HPPWeiBoInSwift.release.xcconfig"; path = "Pods/Target Support Files/Pods-HPPWeiBoInSwift/Pods-HPPWeiBoInSwift.release.xcconfig"; sourceTree = "<group>"; };
		AE03F9681D8040C1004F35EE /* MainViewController.swift */ = {isa = PBXFileReference; fileEncoding = 4; lastKnownFileType = sourcecode.swift; path = MainViewController.swift; sourceTree = "<group>"; };
		AE03F96A1D8040DE004F35EE /* RootViewController.swift */ = {isa = PBXFileReference; fileEncoding = 4; lastKnownFileType = sourcecode.swift; path = RootViewController.swift; sourceTree = "<group>"; };
		AE03F96C1D80417E004F35EE /* HomeViewController.swift */ = {isa = PBXFileReference; fileEncoding = 4; lastKnownFileType = sourcecode.swift; path = HomeViewController.swift; sourceTree = "<group>"; };
		AE03F96E1D8041A8004F35EE /* MessageViewController.swift */ = {isa = PBXFileReference; fileEncoding = 4; lastKnownFileType = sourcecode.swift; path = MessageViewController.swift; sourceTree = "<group>"; };
		AE3343A41D870DC700270FA6 /* NewFeatureView.swift */ = {isa = PBXFileReference; fileEncoding = 4; lastKnownFileType = sourcecode.swift; path = NewFeatureView.swift; sourceTree = "<group>"; };
		AE3343A61D8717FE00270FA6 /* NSBundle+extension.swift */ = {isa = PBXFileReference; fileEncoding = 4; lastKnownFileType = sourcecode.swift; path = "NSBundle+extension.swift"; sourceTree = "<group>"; };
		AE3343A81D871C2A00270FA6 /* WelcomeView.swift */ = {isa = PBXFileReference; fileEncoding = 4; lastKnownFileType = sourcecode.swift; path = WelcomeView.swift; sourceTree = "<group>"; };
		AE3343AA1D8798B300270FA6 /* StatusModel.swift */ = {isa = PBXFileReference; fileEncoding = 4; lastKnownFileType = sourcecode.swift; path = StatusModel.swift; sourceTree = "<group>"; };
		AE3343AC1D87E7A500270FA6 /* NetworkTool+status.swift */ = {isa = PBXFileReference; fileEncoding = 4; lastKnownFileType = sourcecode.swift; path = "NetworkTool+status.swift"; sourceTree = "<group>"; };
		AE4811A51D80EDDD008597AF /* DiscoverViewController.swift */ = {isa = PBXFileReference; fileEncoding = 4; lastKnownFileType = sourcecode.swift; path = DiscoverViewController.swift; sourceTree = "<group>"; };
		AE4811A81D80EE34008597AF /* ProfileViewController.swift */ = {isa = PBXFileReference; fileEncoding = 4; lastKnownFileType = sourcecode.swift; path = ProfileViewController.swift; sourceTree = "<group>"; };
		AE4811AA1D80EEE9008597AF /* Common.swift */ = {isa = PBXFileReference; fileEncoding = 4; lastKnownFileType = sourcecode.swift; path = Common.swift; sourceTree = "<group>"; };
		AE4811AC1D80F5EA008597AF /* UIButton+extension.swift */ = {isa = PBXFileReference; fileEncoding = 4; lastKnownFileType = sourcecode.swift; path = "UIButton+extension.swift"; sourceTree = "<group>"; };
		AE4811AE1D80FF0F008597AF /* UIImage+extension.swift */ = {isa = PBXFileReference; fileEncoding = 4; lastKnownFileType = sourcecode.swift; path = "UIImage+extension.swift"; sourceTree = "<group>"; };
		AE4811B11D816DD4008597AF /* VistorView.swift */ = {isa = PBXFileReference; fileEncoding = 4; lastKnownFileType = sourcecode.swift; path = VistorView.swift; sourceTree = "<group>"; };
		AE4811B31D816E71008597AF /* UIImageView+extension.swift */ = {isa = PBXFileReference; fileEncoding = 4; lastKnownFileType = sourcecode.swift; path = "UIImageView+extension.swift"; sourceTree = "<group>"; };
		AE4811B51D816F16008597AF /* UILabel+extension.swift */ = {isa = PBXFileReference; fileEncoding = 4; lastKnownFileType = sourcecode.swift; path = "UILabel+extension.swift"; sourceTree = "<group>"; };
		AE58D9F81D8C0D03008B9687 /* RetweetedView.swift */ = {isa = PBXFileReference; fileEncoding = 4; lastKnownFileType = sourcecode.swift; path = RetweetedView.swift; sourceTree = "<group>"; };
		AE58D9FA1D8C62BB008B9687 /* StatusToolBar.swift */ = {isa = PBXFileReference; fileEncoding = 4; lastKnownFileType = sourcecode.swift; path = StatusToolBar.swift; sourceTree = "<group>"; };
		AE68FB7A1D8A804B00B03FA2 /* StatusCell.swift */ = {isa = PBXFileReference; fileEncoding = 4; lastKnownFileType = sourcecode.swift; path = StatusCell.swift; sourceTree = "<group>"; };
		AE68FB7C1D8A91BF00B03FA2 /* UserModel.swift */ = {isa = PBXFileReference; fileEncoding = 4; lastKnownFileType = sourcecode.swift; path = UserModel.swift; sourceTree = "<group>"; };
		AE68FB7E1D8A93D200B03FA2 /* OriginalView.swift */ = {isa = PBXFileReference; fileEncoding = 4; lastKnownFileType = sourcecode.swift; path = OriginalView.swift; sourceTree = "<group>"; };
		AE8A30261D847AFD00DCA024 /* OAuthViewController.swift */ = {isa = PBXFileReference; fileEncoding = 4; lastKnownFileType = sourcecode.swift; path = OAuthViewController.swift; sourceTree = "<group>"; };
		AE8A30331D85124E00DCA024 /* NetworkTool.swift */ = {isa = PBXFileReference; fileEncoding = 4; lastKnownFileType = sourcecode.swift; path = NetworkTool.swift; sourceTree = "<group>"; };
		AE8A30351D85905F00DCA024 /* NetworkTool+OAuth.swift */ = {isa = PBXFileReference; fileEncoding = 4; lastKnownFileType = sourcecode.swift; path = "NetworkTool+OAuth.swift"; sourceTree = "<group>"; };
		AE8A30371D85D85200DCA024 /* UserAccount.swift */ = {isa = PBXFileReference; fileEncoding = 4; lastKnownFileType = sourcecode.swift; path = UserAccount.swift; sourceTree = "<group>"; };
		AE9D09F51D8AFE100096C741 /* StatusViewModel.swift */ = {isa = PBXFileReference; fileEncoding = 4; lastKnownFileType = sourcecode.swift; path = StatusViewModel.swift; sourceTree = "<group>"; };
		AE9D09F71D8B044D0096C741 /* NSDate+extension.swift */ = {isa = PBXFileReference; fileEncoding = 4; lastKnownFileType = sourcecode.swift; path = "NSDate+extension.swift"; sourceTree = "<group>"; };
		AE9D09F91D8B29980096C741 /* PictureModel.swift */ = {isa = PBXFileReference; fileEncoding = 4; lastKnownFileType = sourcecode.swift; path = PictureModel.swift; sourceTree = "<group>"; };
		AE9D09FB1D8B30FB0096C741 /* StatusPictureView.swift */ = {isa = PBXFileReference; fileEncoding = 4; lastKnownFileType = sourcecode.swift; path = StatusPictureView.swift; sourceTree = "<group>"; };
		AEEB05F71D802AE500D48E70 /* HPPWeiBoInSwift.app */ = {isa = PBXFileReference; explicitFileType = wrapper.application; includeInIndex = 0; path = HPPWeiBoInSwift.app; sourceTree = BUILT_PRODUCTS_DIR; };
		AEEB05FA1D802AE500D48E70 /* AppDelegate.swift */ = {isa = PBXFileReference; lastKnownFileType = sourcecode.swift; path = AppDelegate.swift; sourceTree = "<group>"; };
		AEEB06011D802AE500D48E70 /* Assets.xcassets */ = {isa = PBXFileReference; lastKnownFileType = folder.assetcatalog; path = Assets.xcassets; sourceTree = "<group>"; };
		AEEB06061D802AE500D48E70 /* Info.plist */ = {isa = PBXFileReference; lastKnownFileType = text.plist.xml; path = Info.plist; sourceTree = "<group>"; };
		AEEB060C1D802F5C00D48E70 /* Podfile */ = {isa = PBXFileReference; fileEncoding = 4; lastKnownFileType = text; path = Podfile; sourceTree = "<group>"; xcLanguageSpecificationIdentifier = xcode.lang.ruby; };
/* End PBXFileReference section */

/* Begin PBXFrameworksBuildPhase section */
		AEEB05F41D802AE500D48E70 /* Frameworks */ = {
			isa = PBXFrameworksBuildPhase;
			buildActionMask = 2147483647;
			files = (
				2F5C0477EA93C547C64DFE13 /* Pods_HPPWeiBoInSwift.framework in Frameworks */,
			);
			runOnlyForDeploymentPostprocessing = 0;
		};
/* End PBXFrameworksBuildPhase section */

/* Begin PBXGroup section */
		AE03F95E1D804028004F35EE /* class */ = {
			isa = PBXGroup;
			children = (
				AE03F95F1D804028004F35EE /* Model(模型) */,
				AE03F9601D804028004F35EE /* Tools(工具类) */,
				AE03F9611D804028004F35EE /* View(视图和控制器) */,
				AE03F9671D804028004F35EE /* ViewModel(视图模型) */,
			);
			path = class;
			sourceTree = "<group>";
		};
		AE03F95F1D804028004F35EE /* Model(模型) */ = {
			isa = PBXGroup;
			children = (
				AE8A30371D85D85200DCA024 /* UserAccount.swift */,
				AE3343AA1D8798B300270FA6 /* StatusModel.swift */,
				AE68FB7C1D8A91BF00B03FA2 /* UserModel.swift */,
				AE9D09F91D8B29980096C741 /* PictureModel.swift */,
			);
			path = "Model(模型)";
			sourceTree = "<group>";
		};
		AE03F9601D804028004F35EE /* Tools(工具类) */ = {
			isa = PBXGroup;
			children = (
				AE8A30321D85122800DCA024 /* NetworkTool */,
				AE4811AA1D80EEE9008597AF /* Common.swift */,
				AE4811AC1D80F5EA008597AF /* UIButton+extension.swift */,
				AE4811AE1D80FF0F008597AF /* UIImage+extension.swift */,
				AE4811B31D816E71008597AF /* UIImageView+extension.swift */,
				AE4811B51D816F16008597AF /* UILabel+extension.swift */,
				AE3343A61D8717FE00270FA6 /* NSBundle+extension.swift */,
				AE9D09F71D8B044D0096C741 /* NSDate+extension.swift */,
			);
			path = "Tools(工具类)";
			sourceTree = "<group>";
		};
		AE03F9611D804028004F35EE /* View(视图和控制器) */ = {
			isa = PBXGroup;
			children = (
				AE3343A31D870D8F00270FA6 /* NewFeature(新特性页) */,
				AE8A30251D847AD000DCA024 /* OAuth(登录) */,
				AE4811B01D813B59008597AF /* VisitorView(访客视图) */,
				AE03F9641D804028004F35EE /* Main(主控制器) */,
				AE03F9621D804028004F35EE /* Discover(发现) */,
				AE03F9631D804028004F35EE /* Home(主页) */,
				AE03F9651D804028004F35EE /* Message(消息) */,
				AE03F9661D804028004F35EE /* Profile(我) */,
			);
			path = "View(视图和控制器)";
			sourceTree = "<group>";
		};
		AE03F9621D804028004F35EE /* Discover(发现) */ = {
			isa = PBXGroup;
			children = (
				AE4811A51D80EDDD008597AF /* DiscoverViewController.swift */,
			);
			path = "Discover(发现)";
			sourceTree = "<group>";
		};
		AE03F9631D804028004F35EE /* Home(主页) */ = {
			isa = PBXGroup;
			children = (
				AE68FB791D8A7FD900B03FA2 /* StatusCell */,
				AE03F96C1D80417E004F35EE /* HomeViewController.swift */,
			);
			path = "Home(主页)";
			sourceTree = "<group>";
		};
		AE03F9641D804028004F35EE /* Main(主控制器) */ = {
			isa = PBXGroup;
			children = (
				AE03F9681D8040C1004F35EE /* MainViewController.swift */,
				AE03F96A1D8040DE004F35EE /* RootViewController.swift */,
			);
			path = "Main(主控制器)";
			sourceTree = "<group>";
		};
		AE03F9651D804028004F35EE /* Message(消息) */ = {
			isa = PBXGroup;
			children = (
				AE03F96E1D8041A8004F35EE /* MessageViewController.swift */,
			);
			path = "Message(消息)";
			sourceTree = "<group>";
		};
		AE03F9661D804028004F35EE /* Profile(我) */ = {
			isa = PBXGroup;
			children = (
				AE4811A81D80EE34008597AF /* ProfileViewController.swift */,
			);
			path = "Profile(我)";
			sourceTree = "<group>";
		};
		AE03F9671D804028004F35EE /* ViewModel(视图模型) */ = {
			isa = PBXGroup;
			children = (
				AE9D09F51D8AFE100096C741 /* StatusViewModel.swift */,
			);
			path = "ViewModel(视图模型)";
			sourceTree = "<group>";
		};
		AE3343A31D870D8F00270FA6 /* NewFeature(新特性页) */ = {
			isa = PBXGroup;
			children = (
				AE3343A41D870DC700270FA6 /* NewFeatureView.swift */,
				AE3343A81D871C2A00270FA6 /* WelcomeView.swift */,
			);
			path = "NewFeature(新特性页)";
			sourceTree = "<group>";
		};
		AE4811B01D813B59008597AF /* VisitorView(访客视图) */ = {
			isa = PBXGroup;
			children = (
				AE4811B11D816DD4008597AF /* VistorView.swift */,
			);
			path = "VisitorView(访客视图)";
			sourceTree = "<group>";
		};
		AE68FB791D8A7FD900B03FA2 /* StatusCell */ = {
			isa = PBXGroup;
			children = (
				AE68FB7A1D8A804B00B03FA2 /* StatusCell.swift */,
				AE68FB7E1D8A93D200B03FA2 /* OriginalView.swift */,
				AE9D09FB1D8B30FB0096C741 /* StatusPictureView.swift */,
				AE58D9F81D8C0D03008B9687 /* RetweetedView.swift */,
				AE58D9FA1D8C62BB008B9687 /* StatusToolBar.swift */,
			);
			path = StatusCell;
			sourceTree = "<group>";
		};
		AE8A30251D847AD000DCA024 /* OAuth(登录) */ = {
			isa = PBXGroup;
			children = (
				AE8A30261D847AFD00DCA024 /* OAuthViewController.swift */,
			);
			name = "OAuth(登录)";
			sourceTree = "<group>";
		};
		AE8A30321D85122800DCA024 /* NetworkTool */ = {
			isa = PBXGroup;
			children = (
				AE8A30331D85124E00DCA024 /* NetworkTool.swift */,
				AE8A30351D85905F00DCA024 /* NetworkTool+OAuth.swift */,
				AE3343AC1D87E7A500270FA6 /* NetworkTool+status.swift */,
			);
			path = NetworkTool;
			sourceTree = "<group>";
		};
		AEEB05EE1D802AE500D48E70 = {
			isa = PBXGroup;
			children = (
				AEEB060C1D802F5C00D48E70 /* Podfile */,
				AEEB05F91D802AE500D48E70 /* HPPWeiBoInSwift */,
				AEEB05F81D802AE500D48E70 /* Products */,
				E2FE1F7B068935A74415F502 /* Pods */,
				D65C4A2D1A5F9FFF2038C74A /* Frameworks */,
			);
			sourceTree = "<group>";
		};
		AEEB05F81D802AE500D48E70 /* Products */ = {
			isa = PBXGroup;
			children = (
				AEEB05F71D802AE500D48E70 /* HPPWeiBoInSwift.app */,
			);
			name = Products;
			sourceTree = "<group>";
		};
		AEEB05F91D802AE500D48E70 /* HPPWeiBoInSwift */ = {
			isa = PBXGroup;
			children = (
				AE03F95E1D804028004F35EE /* class */,
				AEEB05FA1D802AE500D48E70 /* AppDelegate.swift */,
				AEEB06011D802AE500D48E70 /* Assets.xcassets */,
				AEEB06061D802AE500D48E70 /* Info.plist */,
			);
			path = HPPWeiBoInSwift;
			sourceTree = "<group>";
		};
		D65C4A2D1A5F9FFF2038C74A /* Frameworks */ = {
			isa = PBXGroup;
			children = (
				73FBA410F99C0155250B8104 /* Pods_HPPWeiBoInSwift.framework */,
			);
			name = Frameworks;
			sourceTree = "<group>";
		};
		E2FE1F7B068935A74415F502 /* Pods */ = {
			isa = PBXGroup;
			children = (
				65F75ECE644FBBDA5F660548 /* Pods-HPPWeiBoInSwift.debug.xcconfig */,
				74E6B8B457E4B5CFC65BE092 /* Pods-HPPWeiBoInSwift.release.xcconfig */,
			);
			name = Pods;
			sourceTree = "<group>";
		};
/* End PBXGroup section */

/* Begin PBXNativeTarget section */
		AEEB05F61D802AE500D48E70 /* HPPWeiBoInSwift */ = {
			isa = PBXNativeTarget;
			buildConfigurationList = AEEB06091D802AE500D48E70 /* Build configuration list for PBXNativeTarget "HPPWeiBoInSwift" */;
			buildPhases = (
				2755FAD1EAF18172EB9289A3 /* [CP] Check Pods Manifest.lock */,
				AEEB05F31D802AE500D48E70 /* Sources */,
				AEEB05F41D802AE500D48E70 /* Frameworks */,
				AEEB05F51D802AE500D48E70 /* Resources */,
				C71B6CC5AFC75D1D5831018E /* [CP] Embed Pods Frameworks */,
				DA71A995ECA7753D21D39462 /* [CP] Copy Pods Resources */,
			);
			buildRules = (
			);
			dependencies = (
			);
			name = HPPWeiBoInSwift;
			productName = HPPWeiBoInSwift;
			productReference = AEEB05F71D802AE500D48E70 /* HPPWeiBoInSwift.app */;
			productType = "com.apple.product-type.application";
		};
/* End PBXNativeTarget section */

/* Begin PBXProject section */
		AEEB05EF1D802AE500D48E70 /* Project object */ = {
			isa = PBXProject;
			attributes = {
				LastSwiftUpdateCheck = 0720;
				LastUpgradeCheck = 0720;
				ORGANIZATIONNAME = "黄晓展";
				TargetAttributes = {
					AEEB05F61D802AE500D48E70 = {
						CreatedOnToolsVersion = 7.2;
					};
				};
			};
			buildConfigurationList = AEEB05F21D802AE500D48E70 /* Build configuration list for PBXProject "HPPWeiBoInSwift" */;
			compatibilityVersion = "Xcode 3.2";
			developmentRegion = English;
			hasScannedForEncodings = 0;
			knownRegions = (
				en,
				Base,
			);
			mainGroup = AEEB05EE1D802AE500D48E70;
			productRefGroup = AEEB05F81D802AE500D48E70 /* Products */;
			projectDirPath = "";
			projectRoot = "";
			targets = (
				AEEB05F61D802AE500D48E70 /* HPPWeiBoInSwift */,
			);
		};
/* End PBXProject section */

/* Begin PBXResourcesBuildPhase section */
		AEEB05F51D802AE500D48E70 /* Resources */ = {
			isa = PBXResourcesBuildPhase;
			buildActionMask = 2147483647;
			files = (
				AEEB060D1D802F5C00D48E70 /* Podfile in Resources */,
				AEEB06021D802AE500D48E70 /* Assets.xcassets in Resources */,
			);
			runOnlyForDeploymentPostprocessing = 0;
		};
/* End PBXResourcesBuildPhase section */

/* Begin PBXShellScriptBuildPhase section */
		2755FAD1EAF18172EB9289A3 /* [CP] Check Pods Manifest.lock */ = {
			isa = PBXShellScriptBuildPhase;
			buildActionMask = 2147483647;
			files = (
			);
			inputPaths = (
			);
			name = "[CP] Check Pods Manifest.lock";
			outputPaths = (
			);
			runOnlyForDeploymentPostprocessing = 0;
			shellPath = /bin/sh;
			shellScript = "diff \"${PODS_ROOT}/../Podfile.lock\" \"${PODS_ROOT}/Manifest.lock\" > /dev/null\nif [[ $? != 0 ]] ; then\n    cat << EOM\nerror: The sandbox is not in sync with the Podfile.lock. Run 'pod install' or update your CocoaPods installation.\nEOM\n    exit 1\nfi\n";
			showEnvVarsInLog = 0;
		};
		C71B6CC5AFC75D1D5831018E /* [CP] Embed Pods Frameworks */ = {
			isa = PBXShellScriptBuildPhase;
			buildActionMask = 2147483647;
			files = (
			);
			inputPaths = (
			);
			name = "[CP] Embed Pods Frameworks";
			outputPaths = (
			);
			runOnlyForDeploymentPostprocessing = 0;
			shellPath = /bin/sh;
			shellScript = "\"${SRCROOT}/Pods/Target Support Files/Pods-HPPWeiBoInSwift/Pods-HPPWeiBoInSwift-frameworks.sh\"\n";
			showEnvVarsInLog = 0;
		};
		DA71A995ECA7753D21D39462 /* [CP] Copy Pods Resources */ = {
			isa = PBXShellScriptBuildPhase;
			buildActionMask = 2147483647;
			files = (
			);
			inputPaths = (
			);
			name = "[CP] Copy Pods Resources";
			outputPaths = (
			);
			runOnlyForDeploymentPostprocessing = 0;
			shellPath = /bin/sh;
			shellScript = "\"${SRCROOT}/Pods/Target Support Files/Pods-HPPWeiBoInSwift/Pods-HPPWeiBoInSwift-resources.sh\"\n";
			showEnvVarsInLog = 0;
		};
/* End PBXShellScriptBuildPhase section */

/* Begin PBXSourcesBuildPhase section */
		AEEB05F31D802AE500D48E70 /* Sources */ = {
			isa = PBXSourcesBuildPhase;
			buildActionMask = 2147483647;
			files = (
				AE9D09F61D8AFE100096C741 /* StatusViewModel.swift in Sources */,
				AE8A30271D847AFD00DCA024 /* OAuthViewController.swift in Sources */,
				AE4811AB1D80EEE9008597AF /* Common.swift in Sources */,
				AE03F96D1D80417E004F35EE /* HomeViewController.swift in Sources */,
				AE3343AB1D8798B300270FA6 /* StatusModel.swift in Sources */,
				AE03F9691D8040C1004F35EE /* MainViewController.swift in Sources */,
				AE3343A71D8717FE00270FA6 /* NSBundle+extension.swift in Sources */,
				AE8A30341D85124E00DCA024 /* NetworkTool.swift in Sources */,
				AE03F96B1D8040DE004F35EE /* RootViewController.swift in Sources */,
				AE8A30361D85905F00DCA024 /* NetworkTool+OAuth.swift in Sources */,
				AE9D09FA1D8B29980096C741 /* PictureModel.swift in Sources */,
				AE9D09FC1D8B30FB0096C741 /* StatusPictureView.swift in Sources */,
				AE9D09F81D8B044D0096C741 /* NSDate+extension.swift in Sources */,
				AE4811B61D816F16008597AF /* UILabel+extension.swift in Sources */,
				AE68FB7F1D8A93D200B03FA2 /* OriginalView.swift in Sources */,
				AE68FB7D1D8A91BF00B03FA2 /* UserModel.swift in Sources */,
				AE8A30381D85D85200DCA024 /* UserAccount.swift in Sources */,
				AE4811A61D80EDDD008597AF /* DiscoverViewController.swift in Sources */,
				AE58D9F91D8C0D03008B9687 /* RetweetedView.swift in Sources */,
				AE4811AF1D80FF0F008597AF /* UIImage+extension.swift in Sources */,
				AE4811A91D80EE34008597AF /* ProfileViewController.swift in Sources */,
				AE3343A51D870DC700270FA6 /* NewFeatureView.swift in Sources */,
				AE4811B21D816DD4008597AF /* VistorView.swift in Sources */,
				AE58D9FB1D8C62BB008B9687 /* StatusToolBar.swift in Sources */,
				AE3343A91D871C2A00270FA6 /* WelcomeView.swift in Sources */,
				AE68FB7B1D8A804B00B03FA2 /* StatusCell.swift in Sources */,
				AE03F96F1D8041A8004F35EE /* MessageViewController.swift in Sources */,
				AEEB05FB1D802AE500D48E70 /* AppDelegate.swift in Sources */,
				AE4811B41D816E71008597AF /* UIImageView+extension.swift in Sources */,
				AE3343AD1D87E7A500270FA6 /* NetworkTool+status.swift in Sources */,
				AE4811AD1D80F5EA008597AF /* UIButton+extension.swift in Sources */,
			);
			runOnlyForDeploymentPostprocessing = 0;
		};
/* End PBXSourcesBuildPhase section */

/* Begin XCBuildConfiguration section */
		AEEB06071D802AE500D48E70 /* Debug */ = {
			isa = XCBuildConfiguration;
			buildSettings = {
				ALWAYS_SEARCH_USER_PATHS = NO;
				CLANG_CXX_LANGUAGE_STANDARD = "gnu++0x";
				CLANG_CXX_LIBRARY = "libc++";
				CLANG_ENABLE_MODULES = YES;
				CLANG_ENABLE_OBJC_ARC = YES;
				CLANG_WARN_BOOL_CONVERSION = YES;
				CLANG_WARN_CONSTANT_CONVERSION = YES;
				CLANG_WARN_DIRECT_OBJC_ISA_USAGE = YES_ERROR;
				CLANG_WARN_EMPTY_BODY = YES;
				CLANG_WARN_ENUM_CONVERSION = YES;
				CLANG_WARN_INT_CONVERSION = YES;
				CLANG_WARN_OBJC_ROOT_CLASS = YES_ERROR;
				CLANG_WARN_UNREACHABLE_CODE = YES;
				CLANG_WARN__DUPLICATE_METHOD_MATCH = YES;
				"CODE_SIGN_IDENTITY[sdk=iphoneos*]" = "iPhone Developer";
				COPY_PHASE_STRIP = NO;
				DEBUG_INFORMATION_FORMAT = dwarf;
				ENABLE_STRICT_OBJC_MSGSEND = YES;
				ENABLE_TESTABILITY = YES;
				GCC_C_LANGUAGE_STANDARD = gnu99;
				GCC_DYNAMIC_NO_PIC = NO;
				GCC_NO_COMMON_BLOCKS = YES;
				GCC_OPTIMIZATION_LEVEL = 0;
				GCC_PREPROCESSOR_DEFINITIONS = (
					"DEBUG=1",
					"$(inherited)",
				);
				GCC_WARN_64_TO_32_BIT_CONVERSION = YES;
				GCC_WARN_ABOUT_RETURN_TYPE = YES_ERROR;
				GCC_WARN_UNDECLARED_SELECTOR = YES;
				GCC_WARN_UNINITIALIZED_AUTOS = YES_AGGRESSIVE;
				GCC_WARN_UNUSED_FUNCTION = YES;
				GCC_WARN_UNUSED_VARIABLE = YES;
				IPHONEOS_DEPLOYMENT_TARGET = 9.2;
				MTL_ENABLE_DEBUG_INFO = YES;
				ONLY_ACTIVE_ARCH = YES;
				SDKROOT = iphoneos;
				SWIFT_OPTIMIZATION_LEVEL = "-Onone";
				TARGETED_DEVICE_FAMILY = "1,2";
			};
			name = Debug;
		};
		AEEB06081D802AE500D48E70 /* Release */ = {
			isa = XCBuildConfiguration;
			buildSettings = {
				ALWAYS_SEARCH_USER_PATHS = NO;
				CLANG_CXX_LANGUAGE_STANDARD = "gnu++0x";
				CLANG_CXX_LIBRARY = "libc++";
				CLANG_ENABLE_MODULES = YES;
				CLANG_ENABLE_OBJC_ARC = YES;
				CLANG_WARN_BOOL_CONVERSION = YES;
				CLANG_WARN_CONSTANT_CONVERSION = YES;
				CLANG_WARN_DIRECT_OBJC_ISA_USAGE = YES_ERROR;
				CLANG_WARN_EMPTY_BODY = YES;
				CLANG_WARN_ENUM_CONVERSION = YES;
				CLANG_WARN_INT_CONVERSION = YES;
				CLANG_WARN_OBJC_ROOT_CLASS = YES_ERROR;
				CLANG_WARN_UNREACHABLE_CODE = YES;
				CLANG_WARN__DUPLICATE_METHOD_MATCH = YES;
				"CODE_SIGN_IDENTITY[sdk=iphoneos*]" = "iPhone Developer";
				COPY_PHASE_STRIP = NO;
				DEBUG_INFORMATION_FORMAT = "dwarf-with-dsym";
				ENABLE_NS_ASSERTIONS = NO;
				ENABLE_STRICT_OBJC_MSGSEND = YES;
				GCC_C_LANGUAGE_STANDARD = gnu99;
				GCC_NO_COMMON_BLOCKS = YES;
				GCC_WARN_64_TO_32_BIT_CONVERSION = YES;
				GCC_WARN_ABOUT_RETURN_TYPE = YES_ERROR;
				GCC_WARN_UNDECLARED_SELECTOR = YES;
				GCC_WARN_UNINITIALIZED_AUTOS = YES_AGGRESSIVE;
				GCC_WARN_UNUSED_FUNCTION = YES;
				GCC_WARN_UNUSED_VARIABLE = YES;
				IPHONEOS_DEPLOYMENT_TARGET = 9.2;
				MTL_ENABLE_DEBUG_INFO = NO;
				SDKROOT = iphoneos;
				TARGETED_DEVICE_FAMILY = "1,2";
				VALIDATE_PRODUCT = YES;
			};
			name = Release;
		};
		AEEB060A1D802AE500D48E70 /* Debug */ = {
			isa = XCBuildConfiguration;
			baseConfigurationReference = 65F75ECE644FBBDA5F660548 /* Pods-HPPWeiBoInSwift.debug.xcconfig */;
			buildSettings = {
				ASSETCATALOG_COMPILER_APPICON_NAME = AppIcon;
				ASSETCATALOG_COMPILER_LAUNCHIMAGE_NAME = "Brand Assets";
				INFOPLIST_FILE = HPPWeiBoInSwift/Info.plist;
				LD_RUNPATH_SEARCH_PATHS = "$(inherited) @executable_path/Frameworks";
				PRODUCT_BUNDLE_IDENTIFIER = com.hpp.HPPWeiBoInSwift;
				PRODUCT_NAME = "$(TARGET_NAME)";
			};
			name = Debug;
		};
		AEEB060B1D802AE500D48E70 /* Release */ = {
			isa = XCBuildConfiguration;
			baseConfigurationReference = 74E6B8B457E4B5CFC65BE092 /* Pods-HPPWeiBoInSwift.release.xcconfig */;
			buildSettings = {
				ASSETCATALOG_COMPILER_APPICON_NAME = AppIcon;
				ASSETCATALOG_COMPILER_LAUNCHIMAGE_NAME = "Brand Assets";
				INFOPLIST_FILE = HPPWeiBoInSwift/Info.plist;
				LD_RUNPATH_SEARCH_PATHS = "$(inherited) @executable_path/Frameworks";
				PRODUCT_BUNDLE_IDENTIFIER = com.hpp.HPPWeiBoInSwift;
				PRODUCT_NAME = "$(TARGET_NAME)";
			};
			name = Release;
		};
/* End XCBuildConfiguration section */

/* Begin XCConfigurationList section */
		AEEB05F21D802AE500D48E70 /* Build configuration list for PBXProject "HPPWeiBoInSwift" */ = {
			isa = XCConfigurationList;
			buildConfigurations = (
				AEEB06071D802AE500D48E70 /* Debug */,
				AEEB06081D802AE500D48E70 /* Release */,
			);
			defaultConfigurationIsVisible = 0;
			defaultConfigurationName = Release;
		};
		AEEB06091D802AE500D48E70 /* Build configuration list for PBXNativeTarget "HPPWeiBoInSwift" */ = {
			isa = XCConfigurationList;
			buildConfigurations = (
				AEEB060A1D802AE500D48E70 /* Debug */,
				AEEB060B1D802AE500D48E70 /* Release */,
			);
			defaultConfigurationIsVisible = 0;
			defaultConfigurationName = Release;
		};
/* End XCConfigurationList section */
	};
	rootObject = AEEB05EF1D802AE500D48E70 /* Project object */;
}
